
Microsoft Visual Studio Solution File, Format Version 12.00
# Visual Studio Version 17
VisualStudioVersion = 17.14.36717.8
MinimumVisualStudioVersion = 10.0.40219.1
Project("{FAE04EC0-301F-11D3-BF4B-00C04F79EFBC}") = "Clock", "Clock\Clock.csproj", "{510D9A44-5EDE-4576-AC79-805F9EF8C00E}"
EndProject
Project("{FAE04EC0-301F-11D3-BF4B-00C04F79EFBC}") = "AnalogClock", "AnalogClock\AnalogClock.csproj", "{7E8AACF1-6064-455E-AFB1-F0E4DD3F9C0F}"
EndProject
Project("{FAE04EC0-301F-11D3-BF4B-00C04F79EFBC}") = "ClockApplication", "ClockApplication\ClockApplication.csproj", "{3D044DAB-03A2-43DB-A441-49C37EFD664A}"
EndProject
Global
	GlobalSection(SolutionConfigurationPlatforms) = preSolution
		Debug|Any CPU = Debug|Any CPU
		Release|Any CPU = Release|Any CPU
	EndGlobalSection
	GlobalSection(ProjectConfigurationPlatforms) = postSolution
		{510D9A44-5EDE-4576-AC79-805F9EF8C00E}.Debug|Any CPU.ActiveCfg = Debug|Any CPU
		{510D9A44-5EDE-4576-AC79-805F9EF8C00E}.Debug|Any CPU.Build.0 = Debug|Any CPU
		{510D9A44-5EDE-4576-AC79-805F9EF8C00E}.Release|Any CPU.ActiveCfg = Release|Any CPU
		{510D9A44-5EDE-4576-AC79-805F9EF8C00E}.Release|Any CPU.Build.0 = Release|Any CPU
		{7E8AACF1-6064-455E-AFB1-F0E4DD3F9C0F}.Debug|Any CPU.ActiveCfg = Debug|Any CPU
		{7E8AACF1-6064-455E-AFB1-F0E4DD3F9C0F}.Debug|Any CPU.Build.0 = Debug|Any CPU
		{7E8AACF1-6064-455E-AFB1-F0E4DD3F9C0F}.Release|Any CPU.ActiveCfg = Release|Any CPU
		{7E8AACF1-6064-455E-AFB1-F0E4DD3F9C0F}.Release|Any CPU.Build.0 = Release|Any CPU
		{3D044DAB-03A2-43DB-A441-49C37EFD664A}.Debug|Any CPU.ActiveCfg = Debug|Any CPU
		{3D044DAB-03A2-43DB-A441-49C37EFD664A}.Debug|Any CPU.Build.0 = Debug|Any CPU
		{3D044DAB-03A2-43DB-A441-49C37EFD664A}.Release|Any CPU.ActiveCfg = Release|Any CPU
		{3D044DAB-03A2-43DB-A441-49C37EFD664A}.Release|Any CPU.Build.0 = Release|Any CPU
	EndGlobalSection
	GlobalSection(SolutionProperties) = preSolution
		HideSolutionNode = FALSE
	EndGlobalSection
	GlobalSection(ExtensibilityGlobals) = postSolution
		SolutionGuid = {D6FA041D-C447-42C0-A322-0F67E2750FEF}
	EndGlobalSection
EndGlobal
